
Microsoft Visual Studio Solution File, Format Version 12.00
# Visual Studio 15
Project("{FAE04EC0-301F-11D3-BF4B-00C04F79EFBC}") = "TernaryOperator", "TernaryOperator\TernaryOperator.csproj", "{ECE9AD90-402A-4765-A60E-BD0493CA6691}"
EndProject
Global
	GlobalSection(SolutionConfigurationPlatforms) = preSolution
		Debug|Any CPU = Debug|Any CPU
		Release|Any CPU = Release|Any CPU
	EndGlobalSection
	GlobalSection(ProjectConfigurationPlatforms) = postSolution
		{ECE9AD90-402A-4765-A60E-BD0493CA6691}.Debug|Any CPU.ActiveCfg = Debug|Any CPU
		{ECE9AD90-402A-4765-A60E-BD0493CA6691}.Debug|Any CPU.Build.0 = Debug|Any CPU
		{ECE9AD90-402A-4765-A60E-BD0493CA6691}.Release|Any CPU.ActiveCfg = Release|Any CPU
		{ECE9AD90-402A-4765-A60E-BD0493CA6691}.Release|Any CPU.Build.0 = Release|Any CPU
	EndGlobalSection
EndGlobal
